// !$*UTF8*$!
{
	archiveVersion = 1;
	classes = {
	};
	objectVersion = 46;
	objects = {

/* Begin PBXBuildFile section */
		414111341F0FCDAF00F67C66 /* Foundation+Log.m in Sources */ = {isa = PBXBuildFile; fileRef = 414111331F0FCDAF00F67C66 /* Foundation+Log.m */; };
		414BAFD11E7E948C00B981F2 /* main.m in Sources */ = {isa = PBXBuildFile; fileRef = 414BAFD01E7E948C00B981F2 /* main.m */; };
		414BAFD41E7E948C00B981F2 /* AppDelegate.m in Sources */ = {isa = PBXBuildFile; fileRef = 414BAFD31E7E948C00B981F2 /* AppDelegate.m */; };
		414BAFD71E7E948C00B981F2 /* ViewController.m in Sources */ = {isa = PBXBuildFile; fileRef = 414BAFD61E7E948C00B981F2 /* ViewController.m */; };
		414BAFDA1E7E948C00B981F2 /* Main.storyboard in Resources */ = {isa = PBXBuildFile; fileRef = 414BAFD81E7E948C00B981F2 /* Main.storyboard */; };
		414BAFDC1E7E948C00B981F2 /* Assets.xcassets in Resources */ = {isa = PBXBuildFile; fileRef = 414BAFDB1E7E948C00B981F2 /* Assets.xcassets */; };
		414BAFDF1E7E948C00B981F2 /* LaunchScreen.storyboard in Resources */ = {isa = PBXBuildFile; fileRef = 414BAFDD1E7E948C00B981F2 /* LaunchScreen.storyboard */; };
		414BAFEA1E7E948C00B981F2 /* JPUSHTests.m in Sources */ = {isa = PBXBuildFile; fileRef = 414BAFE91E7E948C00B981F2 /* JPUSHTests.m */; };
		414BAFF51E7E948C00B981F2 /* JPUSHUITests.m in Sources */ = {isa = PBXBuildFile; fileRef = 414BAFF41E7E948C00B981F2 /* JPUSHUITests.m */; };
		4152C5421EE59CC6005A1192 /* RecordViewController.m in Sources */ = {isa = PBXBuildFile; fileRef = 4152C5411EE59CC6005A1192 /* RecordViewController.m */; };
		4152C5471EE5A357005A1192 /* Record.m in Sources */ = {isa = PBXBuildFile; fileRef = 4152C5451EE5A357005A1192 /* Record.m */; };
		4152C5481EE5A357005A1192 /* Record.xib in Resources */ = {isa = PBXBuildFile; fileRef = 4152C5461EE5A357005A1192 /* Record.xib */; };
		415611671F934BE6004A2E64 /* DetailViewController.m in Sources */ = {isa = PBXBuildFile; fileRef = 415611651F934BE6004A2E64 /* DetailViewController.m */; };
		415611681F934BE6004A2E64 /* DetailViewController.xib in Resources */ = {isa = PBXBuildFile; fileRef = 415611661F934BE6004A2E64 /* DetailViewController.xib */; };
		4174BA991EEC235300B04ADD /* History.m in Sources */ = {isa = PBXBuildFile; fileRef = 4174BA981EEC235300B04ADD /* History.m */; };
		4174BA9C1EEC244200B04ADD /* DataBase.m in Sources */ = {isa = PBXBuildFile; fileRef = 4174BA9B1EEC244200B04ADD /* DataBase.m */; };
		41772E851E7E97D4002A39CA /* UIKit.framework in Frameworks */ = {isa = PBXBuildFile; fileRef = 41772E841E7E97D4002A39CA /* UIKit.framework */; };
		41772E871E7E97E5002A39CA /* Foundation.framework in Frameworks */ = {isa = PBXBuildFile; fileRef = 41772E861E7E97E5002A39CA /* Foundation.framework */; };
		41772E891E7E9835002A39CA /* libz.tbd in Frameworks */ = {isa = PBXBuildFile; fileRef = 41772E881E7E9835002A39CA /* libz.tbd */; };
		41772E8B1E7E983F002A39CA /* Security.framework in Frameworks */ = {isa = PBXBuildFile; fileRef = 41772E8A1E7E983F002A39CA /* Security.framework */; };
		41772E8D1E7E9852002A39CA /* CoreGraphics.framework in Frameworks */ = {isa = PBXBuildFile; fileRef = 41772E8C1E7E9852002A39CA /* CoreGraphics.framework */; };
		41772E8F1E7E985C002A39CA /* SystemConfiguration.framework in Frameworks */ = {isa = PBXBuildFile; fileRef = 41772E8E1E7E985C002A39CA /* SystemConfiguration.framework */; };
		41772E911E7E986B002A39CA /* CoreTelephony.framework in Frameworks */ = {isa = PBXBuildFile; fileRef = 41772E901E7E986B002A39CA /* CoreTelephony.framework */; };
		41772E931E7E9878002A39CA /* CoreFoundation.framework in Frameworks */ = {isa = PBXBuildFile; fileRef = 41772E921E7E9878002A39CA /* CoreFoundation.framework */; };
		41772E951E7E9886002A39CA /* CFNetwork.framework in Frameworks */ = {isa = PBXBuildFile; fileRef = 41772E941E7E9886002A39CA /* CFNetwork.framework */; };
		E6A491D21EE167B056294322 /* libPods-JPUSH.a in Frameworks */ = {isa = PBXBuildFile; fileRef = 918C5DAB05A18F1ABC21423B /* libPods-JPUSH.a */; };
/* End PBXBuildFile section */

/* Begin PBXContainerItemProxy section */
		414BAFE61E7E948C00B981F2 /* PBXContainerItemProxy */ = {
			isa = PBXContainerItemProxy;
			containerPortal = 414BAFC41E7E948C00B981F2 /* Project object */;
			proxyType = 1;
			remoteGlobalIDString = 414BAFCB1E7E948C00B981F2;
			remoteInfo = JPUSH;
		};
		414BAFF11E7E948C00B981F2 /* PBXContainerItemProxy */ = {
			isa = PBXContainerItemProxy;
			containerPortal = 414BAFC41E7E948C00B981F2 /* Project object */;
			proxyType = 1;
			remoteGlobalIDString = 414BAFCB1E7E948C00B981F2;
			remoteInfo = JPUSH;
		};
/* End PBXContainerItemProxy section */

/* Begin PBXFileReference section */
		414111331F0FCDAF00F67C66 /* Foundation+Log.m */ = {isa = PBXFileReference; fileEncoding = 4; lastKnownFileType = sourcecode.c.objc; path = "Foundation+Log.m"; sourceTree = "<group>"; };
		414BAFCC1E7E948C00B981F2 /* JPUSH.app */ = {isa = PBXFileReference; explicitFileType = wrapper.application; includeInIndex = 0; path = JPUSH.app; sourceTree = BUILT_PRODUCTS_DIR; };
		414BAFD01E7E948C00B981F2 /* main.m */ = {isa = PBXFileReference; lastKnownFileType = sourcecode.c.objc; path = main.m; sourceTree = "<group>"; };
		414BAFD21E7E948C00B981F2 /* AppDelegate.h */ = {isa = PBXFileReference; lastKnownFileType = sourcecode.c.h; path = AppDelegate.h; sourceTree = "<group>"; };
		414BAFD31E7E948C00B981F2 /* AppDelegate.m */ = {isa = PBXFileReference; lastKnownFileType = sourcecode.c.objc; path = AppDelegate.m; sourceTree = "<group>"; };
		414BAFD51E7E948C00B981F2 /* ViewController.h */ = {isa = PBXFileReference; lastKnownFileType = sourcecode.c.h; path = ViewController.h; sourceTree = "<group>"; };
		414BAFD61E7E948C00B981F2 /* ViewController.m */ = {isa = PBXFileReference; lastKnownFileType = sourcecode.c.objc; path = ViewController.m; sourceTree = "<group>"; };
		414BAFD91E7E948C00B981F2 /* Base */ = {isa = PBXFileReference; lastKnownFileType = file.storyboard; name = Base; path = Base.lproj/Main.storyboard; sourceTree = "<group>"; };
		414BAFDB1E7E948C00B981F2 /* Assets.xcassets */ = {isa = PBXFileReference; lastKnownFileType = folder.assetcatalog; path = Assets.xcassets; sourceTree = "<group>"; };
		414BAFDE1E7E948C00B981F2 /* Base */ = {isa = PBXFileReference; lastKnownFileType = file.storyboard; name = Base; path = Base.lproj/LaunchScreen.storyboard; sourceTree = "<group>"; };
		414BAFE01E7E948C00B981F2 /* Info.plist */ = {isa = PBXFileReference; lastKnownFileType = text.plist.xml; path = Info.plist; sourceTree = "<group>"; };
		414BAFE51E7E948C00B981F2 /* JPUSHTests.xctest */ = {isa = PBXFileReference; explicitFileType = wrapper.cfbundle; includeInIndex = 0; path = JPUSHTests.xctest; sourceTree = BUILT_PRODUCTS_DIR; };
		414BAFE91E7E948C00B981F2 /* JPUSHTests.m */ = {isa = PBXFileReference; lastKnownFileType = sourcecode.c.objc; path = JPUSHTests.m; sourceTree = "<group>"; };
		414BAFEB1E7E948C00B981F2 /* Info.plist */ = {isa = PBXFileReference; lastKnownFileType = text.plist.xml; path = Info.plist; sourceTree = "<group>"; };
		414BAFF01E7E948C00B981F2 /* JPUSHUITests.xctest */ = {isa = PBXFileReference; explicitFileType = wrapper.cfbundle; includeInIndex = 0; path = JPUSHUITests.xctest; sourceTree = BUILT_PRODUCTS_DIR; };
		414BAFF41E7E948C00B981F2 /* JPUSHUITests.m */ = {isa = PBXFileReference; lastKnownFileType = sourcecode.c.objc; path = JPUSHUITests.m; sourceTree = "<group>"; };
		414BAFF61E7E948C00B981F2 /* Info.plist */ = {isa = PBXFileReference; lastKnownFileType = text.plist.xml; path = Info.plist; sourceTree = "<group>"; };
		414BB0021E7E94AD00B981F2 /* JPUSH.entitlements */ = {isa = PBXFileReference; lastKnownFileType = text.plist.entitlements; path = JPUSH.entitlements; sourceTree = "<group>"; };
		4152C5401EE59CC6005A1192 /* RecordViewController.h */ = {isa = PBXFileReference; fileEncoding = 4; lastKnownFileType = sourcecode.c.h; path = RecordViewController.h; sourceTree = "<group>"; };
		4152C5411EE59CC6005A1192 /* RecordViewController.m */ = {isa = PBXFileReference; fileEncoding = 4; lastKnownFileType = sourcecode.c.objc; path = RecordViewController.m; sourceTree = "<group>"; };
		4152C5441EE5A357005A1192 /* Record.h */ = {isa = PBXFileReference; fileEncoding = 4; lastKnownFileType = sourcecode.c.h; path = Record.h; sourceTree = "<group>"; };
		4152C5451EE5A357005A1192 /* Record.m */ = {isa = PBXFileReference; fileEncoding = 4; lastKnownFileType = sourcecode.c.objc; path = Record.m; sourceTree = "<group>"; };
		4152C5461EE5A357005A1192 /* Record.xib */ = {isa = PBXFileReference; fileEncoding = 4; lastKnownFileType = file.xib; path = Record.xib; sourceTree = "<group>"; };
		415611641F934BE6004A2E64 /* DetailViewController.h */ = {isa = PBXFileReference; lastKnownFileType = sourcecode.c.h; path = DetailViewController.h; sourceTree = "<group>"; };
		415611651F934BE6004A2E64 /* DetailViewController.m */ = {isa = PBXFileReference; lastKnownFileType = sourcecode.c.objc; path = DetailViewController.m; sourceTree = "<group>"; };
		415611661F934BE6004A2E64 /* DetailViewController.xib */ = {isa = PBXFileReference; lastKnownFileType = file.xib; path = DetailViewController.xib; sourceTree = "<group>"; };
		4174BA971EEC235300B04ADD /* History.h */ = {isa = PBXFileReference; fileEncoding = 4; lastKnownFileType = sourcecode.c.h; path = History.h; sourceTree = "<group>"; };
		4174BA981EEC235300B04ADD /* History.m */ = {isa = PBXFileReference; fileEncoding = 4; lastKnownFileType = sourcecode.c.objc; path = History.m; sourceTree = "<group>"; };
		4174BA9A1EEC244200B04ADD /* DataBase.h */ = {isa = PBXFileReference; fileEncoding = 4; lastKnownFileType = sourcecode.c.h; path = DataBase.h; sourceTree = "<group>"; };
		4174BA9B1EEC244200B04ADD /* DataBase.m */ = {isa = PBXFileReference; fileEncoding = 4; lastKnownFileType = sourcecode.c.objc; path = DataBase.m; sourceTree = "<group>"; };
		41772E841E7E97D4002A39CA /* UIKit.framework */ = {isa = PBXFileReference; lastKnownFileType = wrapper.framework; name = UIKit.framework; path = System/Library/Frameworks/UIKit.framework; sourceTree = SDKROOT; };
		41772E861E7E97E5002A39CA /* Foundation.framework */ = {isa = PBXFileReference; lastKnownFileType = wrapper.framework; name = Foundation.framework; path = System/Library/Frameworks/Foundation.framework; sourceTree = SDKROOT; };
		41772E881E7E9835002A39CA /* libz.tbd */ = {isa = PBXFileReference; lastKnownFileType = "sourcecode.text-based-dylib-definition"; name = libz.tbd; path = usr/lib/libz.tbd; sourceTree = SDKROOT; };
		41772E8A1E7E983F002A39CA /* Security.framework */ = {isa = PBXFileReference; lastKnownFileType = wrapper.framework; name = Security.framework; path = System/Library/Frameworks/Security.framework; sourceTree = SDKROOT; };
		41772E8C1E7E9852002A39CA /* CoreGraphics.framework */ = {isa = PBXFileReference; lastKnownFileType = wrapper.framework; name = CoreGraphics.framework; path = System/Library/Frameworks/CoreGraphics.framework; sourceTree = SDKROOT; };
		41772E8E1E7E985C002A39CA /* SystemConfiguration.framework */ = {isa = PBXFileReference; lastKnownFileType = wrapper.framework; name = SystemConfiguration.framework; path = System/Library/Frameworks/SystemConfiguration.framework; sourceTree = SDKROOT; };
		41772E901E7E986B002A39CA /* CoreTelephony.framework */ = {isa = PBXFileReference; lastKnownFileType = wrapper.framework; name = CoreTelephony.framework; path = System/Library/Frameworks/CoreTelephony.framework; sourceTree = SDKROOT; };
		41772E921E7E9878002A39CA /* CoreFoundation.framework */ = {isa = PBXFileReference; lastKnownFileType = wrapper.framework; name = CoreFoundation.framework; path = System/Library/Frameworks/CoreFoundation.framework; sourceTree = SDKROOT; };
		41772E941E7E9886002A39CA /* CFNetwork.framework */ = {isa = PBXFileReference; lastKnownFileType = wrapper.framework; name = CFNetwork.framework; path = System/Library/Frameworks/CFNetwork.framework; sourceTree = SDKROOT; };
		918C5DAB05A18F1ABC21423B /* libPods-JPUSH.a */ = {isa = PBXFileReference; explicitFileType = archive.ar; includeInIndex = 0; path = "libPods-JPUSH.a"; sourceTree = BUILT_PRODUCTS_DIR; };
		DC53C3CD734835615F68CD0E /* Pods-JPUSH.debug.xcconfig */ = {isa = PBXFileReference; includeInIndex = 1; lastKnownFileType = text.xcconfig; name = "Pods-JPUSH.debug.xcconfig"; path = "Pods/Target Support Files/Pods-JPUSH/Pods-JPUSH.debug.xcconfig"; sourceTree = "<group>"; };
		FF15A2F4A2773DC4765E65F5 /* Pods-JPUSH.release.xcconfig */ = {isa = PBXFileReference; includeInIndex = 1; lastKnownFileType = text.xcconfig; name = "Pods-JPUSH.release.xcconfig"; path = "Pods/Target Support Files/Pods-JPUSH/Pods-JPUSH.release.xcconfig"; sourceTree = "<group>"; };
/* End PBXFileReference section */

/* Begin PBXFrameworksBuildPhase section */
		414BAFC91E7E948C00B981F2 /* Frameworks */ = {
			isa = PBXFrameworksBuildPhase;
			buildActionMask = 2147483647;
			files = (
				41772E951E7E9886002A39CA /* CFNetwork.framework in Frameworks */,
				41772E931E7E9878002A39CA /* CoreFoundation.framework in Frameworks */,
				41772E911E7E986B002A39CA /* CoreTelephony.framework in Frameworks */,
				41772E8F1E7E985C002A39CA /* SystemConfiguration.framework in Frameworks */,
				41772E8D1E7E9852002A39CA /* CoreGraphics.framework in Frameworks */,
				41772E8B1E7E983F002A39CA /* Security.framework in Frameworks */,
				41772E891E7E9835002A39CA /* libz.tbd in Frameworks */,
				41772E871E7E97E5002A39CA /* Foundation.framework in Frameworks */,
				41772E851E7E97D4002A39CA /* UIKit.framework in Frameworks */,
				E6A491D21EE167B056294322 /* libPods-JPUSH.a in Frameworks */,
			);
			runOnlyForDeploymentPostprocessing = 0;
		};
		414BAFE21E7E948C00B981F2 /* Frameworks */ = {
			isa = PBXFrameworksBuildPhase;
			buildActionMask = 2147483647;
			files = (
			);
			runOnlyForDeploymentPostprocessing = 0;
		};
		414BAFED1E7E948C00B981F2 /* Frameworks */ = {
			isa = PBXFrameworksBuildPhase;
			buildActionMask = 2147483647;
			files = (
			);
			runOnlyForDeploymentPostprocessing = 0;
		};
/* End PBXFrameworksBuildPhase section */

/* Begin PBXGroup section */
		3B0A3BFB0C75653E8CC89EB4 /* Frameworks */ = {
			isa = PBXGroup;
			children = (
				41772E941E7E9886002A39CA /* CFNetwork.framework */,
				41772E921E7E9878002A39CA /* CoreFoundation.framework */,
				41772E901E7E986B002A39CA /* CoreTelephony.framework */,
				41772E8E1E7E985C002A39CA /* SystemConfiguration.framework */,
				41772E8C1E7E9852002A39CA /* CoreGraphics.framework */,
				41772E8A1E7E983F002A39CA /* Security.framework */,
				41772E881E7E9835002A39CA /* libz.tbd */,
				41772E861E7E97E5002A39CA /* Foundation.framework */,
				41772E841E7E97D4002A39CA /* UIKit.framework */,
				918C5DAB05A18F1ABC21423B /* libPods-JPUSH.a */,
			);
			name = Frameworks;
			sourceTree = "<group>";
		};
		414BAFC31E7E948C00B981F2 = {
			isa = PBXGroup;
			children = (
				414BAFCE1E7E948C00B981F2 /* JPUSH */,
				414BAFE81E7E948C00B981F2 /* JPUSHTests */,
				414BAFF31E7E948C00B981F2 /* JPUSHUITests */,
				414BAFCD1E7E948C00B981F2 /* Products */,
				9BF76C259EC95C80F32E55AC /* Pods */,
				3B0A3BFB0C75653E8CC89EB4 /* Frameworks */,
			);
			sourceTree = "<group>";
		};
		414BAFCD1E7E948C00B981F2 /* Products */ = {
			isa = PBXGroup;
			children = (
				414BAFCC1E7E948C00B981F2 /* JPUSH.app */,
				414BAFE51E7E948C00B981F2 /* JPUSHTests.xctest */,
				414BAFF01E7E948C00B981F2 /* JPUSHUITests.xctest */,
			);
			name = Products;
			sourceTree = "<group>";
		};
		414BAFCE1E7E948C00B981F2 /* JPUSH */ = {
			isa = PBXGroup;
			children = (
				414BB0021E7E94AD00B981F2 /* JPUSH.entitlements */,
				414111331F0FCDAF00F67C66 /* Foundation+Log.m */,
				4174BA9A1EEC244200B04ADD /* DataBase.h */,
				4174BA9B1EEC244200B04ADD /* DataBase.m */,
				414BAFD21E7E948C00B981F2 /* AppDelegate.h */,
				414BAFD31E7E948C00B981F2 /* AppDelegate.m */,
				414BAFD51E7E948C00B981F2 /* ViewController.h */,
				414BAFD61E7E948C00B981F2 /* ViewController.m */,
				4152C5401EE59CC6005A1192 /* RecordViewController.h */,
				4152C5411EE59CC6005A1192 /* RecordViewController.m */,
				415611641F934BE6004A2E64 /* DetailViewController.h */,
				415611651F934BE6004A2E64 /* DetailViewController.m */,
				415611661F934BE6004A2E64 /* DetailViewController.xib */,
				4174BA961EEC232800B04ADD /* DataModel */,
				4152C5431EE5A32C005A1192 /* Model */,
				414BAFD81E7E948C00B981F2 /* Main.storyboard */,
				414BAFDB1E7E948C00B981F2 /* Assets.xcassets */,
				414BAFDD1E7E948C00B981F2 /* LaunchScreen.storyboard */,
				414BAFE01E7E948C00B981F2 /* Info.plist */,
				414BAFCF1E7E948C00B981F2 /* Supporting Files */,
			);
			path = JPUSH;
			sourceTree = "<group>";
		};
		414BAFCF1E7E948C00B981F2 /* Supporting Files */ = {
			isa = PBXGroup;
			children = (
				414BAFD01E7E948C00B981F2 /* main.m */,
			);
			name = "Supporting Files";
			sourceTree = "<group>";
		};
		414BAFE81E7E948C00B981F2 /* JPUSHTests */ = {
			isa = PBXGroup;
			children = (
				414BAFE91E7E948C00B981F2 /* JPUSHTests.m */,
				414BAFEB1E7E948C00B981F2 /* Info.plist */,
			);
			path = JPUSHTests;
			sourceTree = "<group>";
		};
		414BAFF31E7E948C00B981F2 /* JPUSHUITests */ = {
			isa = PBXGroup;
			children = (
				414BAFF41E7E948C00B981F2 /* JPUSHUITests.m */,
				414BAFF61E7E948C00B981F2 /* Info.plist */,
			);
			path = JPUSHUITests;
			sourceTree = "<group>";
		};
		4152C5431EE5A32C005A1192 /* Model */ = {
			isa = PBXGroup;
			children = (
				4152C5441EE5A357005A1192 /* Record.h */,
				4152C5451EE5A357005A1192 /* Record.m */,
				4152C5461EE5A357005A1192 /* Record.xib */,
			);
			name = Model;
			sourceTree = "<group>";
		};
		4174BA961EEC232800B04ADD /* DataModel */ = {
			isa = PBXGroup;
			children = (
				4174BA971EEC235300B04ADD /* History.h */,
				4174BA981EEC235300B04ADD /* History.m */,
			);
			name = DataModel;
			sourceTree = "<group>";
		};
		9BF76C259EC95C80F32E55AC /* Pods */ = {
			isa = PBXGroup;
			children = (
				DC53C3CD734835615F68CD0E /* Pods-JPUSH.debug.xcconfig */,
				FF15A2F4A2773DC4765E65F5 /* Pods-JPUSH.release.xcconfig */,
			);
			name = Pods;
			sourceTree = "<group>";
		};
/* End PBXGroup section */

/* Begin PBXNativeTarget section */
		414BAFCB1E7E948C00B981F2 /* JPUSH */ = {
			isa = PBXNativeTarget;
			buildConfigurationList = 414BAFF91E7E948C00B981F2 /* Build configuration list for PBXNativeTarget "JPUSH" */;
			buildPhases = (
				5C024F4FA510E4787F31732D /* [CP] Check Pods Manifest.lock */,
				414BAFC81E7E948C00B981F2 /* Sources */,
				414BAFC91E7E948C00B981F2 /* Frameworks */,
				414BAFCA1E7E948C00B981F2 /* Resources */,
				BB7FA5368B140F1E635A93E0 /* [CP] Embed Pods Frameworks */,
				D51ECE7EBDF67A0455FDE682 /* [CP] Copy Pods Resources */,
			);
			buildRules = (
			);
			dependencies = (
			);
			name = JPUSH;
			productName = JPUSH;
			productReference = 414BAFCC1E7E948C00B981F2 /* JPUSH.app */;
			productType = "com.apple.product-type.application";
		};
		414BAFE41E7E948C00B981F2 /* JPUSHTests */ = {
			isa = PBXNativeTarget;
			buildConfigurationList = 414BAFFC1E7E948C00B981F2 /* Build configuration list for PBXNativeTarget "JPUSHTests" */;
			buildPhases = (
				414BAFE11E7E948C00B981F2 /* Sources */,
				414BAFE21E7E948C00B981F2 /* Frameworks */,
				414BAFE31E7E948C00B981F2 /* Resources */,
			);
			buildRules = (
			);
			dependencies = (
				414BAFE71E7E948C00B981F2 /* PBXTargetDependency */,
			);
			name = JPUSHTests;
			productName = JPUSHTests;
			productReference = 414BAFE51E7E948C00B981F2 /* JPUSHTests.xctest */;
			productType = "com.apple.product-type.bundle.unit-test";
		};
		414BAFEF1E7E948C00B981F2 /* JPUSHUITests */ = {
			isa = PBXNativeTarget;
			buildConfigurationList = 414BAFFF1E7E948C00B981F2 /* Build configuration list for PBXNativeTarget "JPUSHUITests" */;
			buildPhases = (
				414BAFEC1E7E948C00B981F2 /* Sources */,
				414BAFED1E7E948C00B981F2 /* Frameworks */,
				414BAFEE1E7E948C00B981F2 /* Resources */,
			);
			buildRules = (
			);
			dependencies = (
				414BAFF21E7E948C00B981F2 /* PBXTargetDependency */,
			);
			name = JPUSHUITests;
			productName = JPUSHUITests;
			productReference = 414BAFF01E7E948C00B981F2 /* JPUSHUITests.xctest */;
			productType = "com.apple.product-type.bundle.ui-testing";
		};
/* End PBXNativeTarget section */

/* Begin PBXProject section */
		414BAFC41E7E948C00B981F2 /* Project object */ = {
			isa = PBXProject;
			attributes = {
				LastUpgradeCheck = 0820;
				ORGANIZATIONNAME = lzLiu;
				TargetAttributes = {
					414BAFCB1E7E948C00B981F2 = {
						CreatedOnToolsVersion = 8.2.1;
						DevelopmentTeam = RV969F8878;
						ProvisioningStyle = Automatic;
						SystemCapabilities = {
							com.apple.BackgroundModes = {
								enabled = 1;
							};
							com.apple.Push = {
								enabled = 1;
							};
						};
					};
					414BAFE41E7E948C00B981F2 = {
						CreatedOnToolsVersion = 8.2.1;
						DevelopmentTeam = RV969F8878;
						ProvisioningStyle = Automatic;
						TestTargetID = 414BAFCB1E7E948C00B981F2;
					};
					414BAFEF1E7E948C00B981F2 = {
						CreatedOnToolsVersion = 8.2.1;
						DevelopmentTeam = RV969F8878;
						ProvisioningStyle = Automatic;
						TestTargetID = 414BAFCB1E7E948C00B981F2;
					};
				};
			};
			buildConfigurationList = 414BAFC71E7E948C00B981F2 /* Build configuration list for PBXProject "JPUSH" */;
			compatibilityVersion = "Xcode 3.2";
			developmentRegion = English;
			hasScannedForEncodings = 0;
			knownRegions = (
				en,
				Base,
			);
			mainGroup = 414BAFC31E7E948C00B981F2;
			productRefGroup = 414BAFCD1E7E948C00B981F2 /* Products */;
			projectDirPath = "";
			projectRoot = "";
			targets = (
				414BAFCB1E7E948C00B981F2 /* JPUSH */,
				414BAFE41E7E948C00B981F2 /* JPUSHTests */,
				414BAFEF1E7E948C00B981F2 /* JPUSHUITests */,
			);
		};
/* End PBXProject section */

/* Begin PBXResourcesBuildPhase section */
		414BAFCA1E7E948C00B981F2 /* Resources */ = {
			isa = PBXResourcesBuildPhase;
			buildActionMask = 2147483647;
			files = (
				414BAFDF1E7E948C00B981F2 /* LaunchScreen.storyboard in Resources */,
				414BAFDC1E7E948C00B981F2 /* Assets.xcassets in Resources */,
				415611681F934BE6004A2E64 /* DetailViewController.xib in Resources */,
				4152C5481EE5A357005A1192 /* Record.xib in Resources */,
				414BAFDA1E7E948C00B981F2 /* Main.storyboard in Resources */,
			);
			runOnlyForDeploymentPostprocessing = 0;
		};
		414BAFE31E7E948C00B981F2 /* Resources */ = {
			isa = PBXResourcesBuildPhase;
			buildActionMask = 2147483647;
			files = (
			);
			runOnlyForDeploymentPostprocessing = 0;
		};
		414BAFEE1E7E948C00B981F2 /* Resources */ = {
			isa = PBXResourcesBuildPhase;
			buildActionMask = 2147483647;
			files = (
			);
			runOnlyForDeploymentPostprocessing = 0;
		};
/* End PBXResourcesBuildPhase section */

/* Begin PBXShellScriptBuildPhase section */
		5C024F4FA510E4787F31732D /* [CP] Check Pods Manifest.lock */ = {
			isa = PBXShellScriptBuildPhase;
			buildActionMask = 2147483647;
			files = (
			);
			inputPaths = (
			);
			name = "[CP] Check Pods Manifest.lock";
			outputPaths = (
			);
			runOnlyForDeploymentPostprocessing = 0;
			shellPath = /bin/sh;
			shellScript = "diff \"${PODS_ROOT}/../Podfile.lock\" \"${PODS_ROOT}/Manifest.lock\" > /dev/null\nif [ $? != 0 ] ; then\n    # print error to STDERR\n    echo \"error: The sandbox is not in sync with the Podfile.lock. Run 'pod install' or update your CocoaPods installation.\" >&2\n    exit 1\nfi\n";
			showEnvVarsInLog = 0;
		};
		BB7FA5368B140F1E635A93E0 /* [CP] Embed Pods Frameworks */ = {
			isa = PBXShellScriptBuildPhase;
			buildActionMask = 2147483647;
			files = (
			);
			inputPaths = (
			);
			name = "[CP] Embed Pods Frameworks";
			outputPaths = (
			);
			runOnlyForDeploymentPostprocessing = 0;
			shellPath = /bin/sh;
			shellScript = "\"${SRCROOT}/Pods/Target Support Files/Pods-JPUSH/Pods-JPUSH-frameworks.sh\"\n";
			showEnvVarsInLog = 0;
		};
		D51ECE7EBDF67A0455FDE682 /* [CP] Copy Pods Resources */ = {
			isa = PBXShellScriptBuildPhase;
			buildActionMask = 2147483647;
			files = (
			);
			inputPaths = (
			);
			name = "[CP] Copy Pods Resources";
			outputPaths = (
			);
			runOnlyForDeploymentPostprocessing = 0;
			shellPath = /bin/sh;
			shellScript = "\"${SRCROOT}/Pods/Target Support Files/Pods-JPUSH/Pods-JPUSH-resources.sh\"\n";
			showEnvVarsInLog = 0;
		};
/* End PBXShellScriptBuildPhase section */

/* Begin PBXSourcesBuildPhase section */
		414BAFC81E7E948C00B981F2 /* Sources */ = {
			isa = PBXSourcesBuildPhase;
			buildActionMask = 2147483647;
			files = (
				4152C5471EE5A357005A1192 /* Record.m in Sources */,
				4174BA9C1EEC244200B04ADD /* DataBase.m in Sources */,
				415611671F934BE6004A2E64 /* DetailViewController.m in Sources */,
				414111341F0FCDAF00F67C66 /* Foundation+Log.m in Sources */,
				414BAFD71E7E948C00B981F2 /* ViewController.m in Sources */,
				4174BA991EEC235300B04ADD /* History.m in Sources */,
				414BAFD41E7E948C00B981F2 /* AppDelegate.m in Sources */,
				414BAFD11E7E948C00B981F2 /* main.m in Sources */,
				4152C5421EE59CC6005A1192 /* RecordViewController.m in Sources */,
			);
			runOnlyForDeploymentPostprocessing = 0;
		};
		414BAFE11E7E948C00B981F2 /* Sources */ = {
			isa = PBXSourcesBuildPhase;
			buildActionMask = 2147483647;
			files = (
				414BAFEA1E7E948C00B981F2 /* JPUSHTests.m in Sources */,
			);
			runOnlyForDeploymentPostprocessing = 0;
		};
		414BAFEC1E7E948C00B981F2 /* Sources */ = {
			isa = PBXSourcesBuildPhase;
			buildActionMask = 2147483647;
			files = (
				414BAFF51E7E948C00B981F2 /* JPUSHUITests.m in Sources */,
			);
			runOnlyForDeploymentPostprocessing = 0;
		};
/* End PBXSourcesBuildPhase section */

/* Begin PBXTargetDependency section */
		414BAFE71E7E948C00B981F2 /* PBXTargetDependency */ = {
			isa = PBXTargetDependency;
			target = 414BAFCB1E7E948C00B981F2 /* JPUSH */;
			targetProxy = 414BAFE61E7E948C00B981F2 /* PBXContainerItemProxy */;
		};
		414BAFF21E7E948C00B981F2 /* PBXTargetDependency */ = {
			isa = PBXTargetDependency;
			target = 414BAFCB1E7E948C00B981F2 /* JPUSH */;
			targetProxy = 414BAFF11E7E948C00B981F2 /* PBXContainerItemProxy */;
		};
/* End PBXTargetDependency section */

/* Begin PBXVariantGroup section */
		414BAFD81E7E948C00B981F2 /* Main.storyboard */ = {
			isa = PBXVariantGroup;
			children = (
				414BAFD91E7E948C00B981F2 /* Base */,
			);
			name = Main.storyboard;
			sourceTree = "<group>";
		};
		414BAFDD1E7E948C00B981F2 /* LaunchScreen.storyboard */ = {
			isa = PBXVariantGroup;
			children = (
				414BAFDE1E7E948C00B981F2 /* Base */,
			);
			name = LaunchScreen.storyboard;
			sourceTree = "<group>";
		};
/* End PBXVariantGroup section */

/* Begin XCBuildConfiguration section */
		414BAFF71E7E948C00B981F2 /* Debug */ = {
			isa = XCBuildConfiguration;
			buildSettings = {
				ALWAYS_SEARCH_USER_PATHS = NO;
				CLANG_ANALYZER_NONNULL = YES;
				CLANG_CXX_LANGUAGE_STANDARD = "gnu++0x";
				CLANG_CXX_LIBRARY = "libc++";
				CLANG_ENABLE_MODULES = YES;
				CLANG_ENABLE_OBJC_ARC = YES;
				CLANG_WARN_BOOL_CONVERSION = YES;
				CLANG_WARN_CONSTANT_CONVERSION = YES;
				CLANG_WARN_DIRECT_OBJC_ISA_USAGE = YES_ERROR;
				CLANG_WARN_DOCUMENTATION_COMMENTS = YES;
				CLANG_WARN_EMPTY_BODY = YES;
				CLANG_WARN_ENUM_CONVERSION = YES;
				CLANG_WARN_INFINITE_RECURSION = YES;
				CLANG_WARN_INT_CONVERSION = YES;
				CLANG_WARN_OBJC_ROOT_CLASS = YES_ERROR;
				CLANG_WARN_SUSPICIOUS_MOVE = YES;
				CLANG_WARN_UNREACHABLE_CODE = YES;
				CLANG_WARN__DUPLICATE_METHOD_MATCH = YES;
				"CODE_SIGN_IDENTITY[sdk=iphoneos*]" = "iPhone Developer";
				COPY_PHASE_STRIP = NO;
				DEBUG_INFORMATION_FORMAT = dwarf;
				ENABLE_STRICT_OBJC_MSGSEND = YES;
				ENABLE_TESTABILITY = YES;
				GCC_C_LANGUAGE_STANDARD = gnu99;
				GCC_DYNAMIC_NO_PIC = NO;
				GCC_NO_COMMON_BLOCKS = YES;
				GCC_OPTIMIZATION_LEVEL = 0;
				GCC_PREPROCESSOR_DEFINITIONS = (
					"DEBUG=1",
					"$(inherited)",
				);
				GCC_WARN_64_TO_32_BIT_CONVERSION = YES;
				GCC_WARN_ABOUT_RETURN_TYPE = YES_ERROR;
				GCC_WARN_UNDECLARED_SELECTOR = YES;
				GCC_WARN_UNINITIALIZED_AUTOS = YES_AGGRESSIVE;
				GCC_WARN_UNUSED_FUNCTION = YES;
				GCC_WARN_UNUSED_VARIABLE = YES;
				IPHONEOS_DEPLOYMENT_TARGET = 10.2;
				MTL_ENABLE_DEBUG_INFO = YES;
				ONLY_ACTIVE_ARCH = YES;
				SDKROOT = iphoneos;
			};
			name = Debug;
		};
		414BAFF81E7E948C00B981F2 /* Release */ = {
			isa = XCBuildConfiguration;
			buildSettings = {
				ALWAYS_SEARCH_USER_PATHS = NO;
				CLANG_ANALYZER_NONNULL = YES;
				CLANG_CXX_LANGUAGE_STANDARD = "gnu++0x";
				CLANG_CXX_LIBRARY = "libc++";
				CLANG_ENABLE_MODULES = YES;
				CLANG_ENABLE_OBJC_ARC = YES;
				CLANG_WARN_BOOL_CONVERSION = YES;
				CLANG_WARN_CONSTANT_CONVERSION = YES;
				CLANG_WARN_DIRECT_OBJC_ISA_USAGE = YES_ERROR;
				CLANG_WARN_DOCUMENTATION_COMMENTS = YES;
				CLANG_WARN_EMPTY_BODY = YES;
				CLANG_WARN_ENUM_CONVERSION = YES;
				CLANG_WARN_INFINITE_RECURSION = YES;
				CLANG_WARN_INT_CONVERSION = YES;
				CLANG_WARN_OBJC_ROOT_CLASS = YES_ERROR;
				CLANG_WARN_SUSPICIOUS_MOVE = YES;
				CLANG_WARN_UNREACHABLE_CODE = YES;
				CLANG_WARN__DUPLICATE_METHOD_MATCH = YES;
				"CODE_SIGN_IDENTITY[sdk=iphoneos*]" = "iPhone Developer";
				COPY_PHASE_STRIP = NO;
				DEBUG_INFORMATION_FORMAT = "dwarf-with-dsym";
				ENABLE_NS_ASSERTIONS = NO;
				ENABLE_STRICT_OBJC_MSGSEND = YES;
				GCC_C_LANGUAGE_STANDARD = gnu99;
				GCC_NO_COMMON_BLOCKS = YES;
				GCC_WARN_64_TO_32_BIT_CONVERSION = YES;
				GCC_WARN_ABOUT_RETURN_TYPE = YES_ERROR;
				GCC_WARN_UNDECLARED_SELECTOR = YES;
				GCC_WARN_UNINITIALIZED_AUTOS = YES_AGGRESSIVE;
				GCC_WARN_UNUSED_FUNCTION = YES;
				GCC_WARN_UNUSED_VARIABLE = YES;
				IPHONEOS_DEPLOYMENT_TARGET = 10.2;
				MTL_ENABLE_DEBUG_INFO = NO;
				SDKROOT = iphoneos;
				VALIDATE_PRODUCT = YES;
			};
			name = Release;
		};
		414BAFFA1E7E948C00B981F2 /* Debug */ = {
			isa = XCBuildConfiguration;
			baseConfigurationReference = DC53C3CD734835615F68CD0E /* Pods-JPUSH.debug.xcconfig */;
			buildSettings = {
				ASSETCATALOG_COMPILER_APPICON_NAME = AppIcon;
				CODE_SIGN_ENTITLEMENTS = JPUSH/JPUSH.entitlements;
				DEVELOPMENT_TEAM = RV969F8878;
				INFOPLIST_FILE = JPUSH/Info.plist;
				IPHONEOS_DEPLOYMENT_TARGET = 8.1;
				LD_RUNPATH_SEARCH_PATHS = "$(inherited) @executable_path/Frameworks";
				PRODUCT_BUNDLE_IDENTIFIER = lzLiu;
				PRODUCT_NAME = "$(TARGET_NAME)";
			};
			name = Debug;
		};
		414BAFFB1E7E948C00B981F2 /* Release */ = {
			isa = XCBuildConfiguration;
			baseConfigurationReference = FF15A2F4A2773DC4765E65F5 /* Pods-JPUSH.release.xcconfig */;
			buildSettings = {
				ASSETCATALOG_COMPILER_APPICON_NAME = AppIcon;
				CODE_SIGN_ENTITLEMENTS = JPUSH/JPUSH.entitlements;
				DEVELOPMENT_TEAM = RV969F8878;
				INFOPLIST_FILE = JPUSH/Info.plist;
				IPHONEOS_DEPLOYMENT_TARGET = 8.1;
				LD_RUNPATH_SEARCH_PATHS = "$(inherited) @executable_path/Frameworks";
				PRODUCT_BUNDLE_IDENTIFIER = lzLiu;
				PRODUCT_NAME = "$(TARGET_NAME)";
			};
			name = Release;
		};
		414BAFFD1E7E948C00B981F2 /* Debug */ = {
			isa = XCBuildConfiguration;
			buildSettings = {
				BUNDLE_LOADER = "$(TEST_HOST)";
				DEVELOPMENT_TEAM = RV969F8878;
				INFOPLIST_FILE = JPUSHTests/Info.plist;
				LD_RUNPATH_SEARCH_PATHS = "$(inherited) @executable_path/Frameworks @loader_path/Frameworks";
				PRODUCT_BUNDLE_IDENTIFIER = "ios-learn.JPUSHTests";
				PRODUCT_NAME = "$(TARGET_NAME)";
				TEST_HOST = "$(BUILT_PRODUCTS_DIR)/JPUSH.app/JPUSH";
			};
			name = Debug;
		};
		414BAFFE1E7E948C00B981F2 /* Release */ = {
			isa = XCBuildConfiguration;
			buildSettings = {
				BUNDLE_LOADER = "$(TEST_HOST)";
				DEVELOPMENT_TEAM = RV969F8878;
				INFOPLIST_FILE = JPUSHTests/Info.plist;
				LD_RUNPATH_SEARCH_PATHS = "$(inherited) @executable_path/Frameworks @loader_path/Frameworks";
				PRODUCT_BUNDLE_IDENTIFIER = "ios-learn.JPUSHTests";
				PRODUCT_NAME = "$(TARGET_NAME)";
				TEST_HOST = "$(BUILT_PRODUCTS_DIR)/JPUSH.app/JPUSH";
			};
			name = Release;
		};
		414BB0001E7E948C00B981F2 /* Debug */ = {
			isa = XCBuildConfiguration;
			buildSettings = {
				DEVELOPMENT_TEAM = RV969F8878;
				INFOPLIST_FILE = JPUSHUITests/Info.plist;
				LD_RUNPATH_SEARCH_PATHS = "$(inherited) @executable_path/Frameworks @loader_path/Frameworks";
				PRODUCT_BUNDLE_IDENTIFIER = "ios-learn.JPUSHUITests";
				PRODUCT_NAME = "$(TARGET_NAME)";
				TEST_TARGET_NAME = JPUSH;
			};
			name = Debug;
		};
		414BB0011E7E948C00B981F2 /* Release */ = {
			isa = XCBuildConfiguration;
			buildSettings = {
				DEVELOPMENT_TEAM = RV969F8878;
				INFOPLIST_FILE = JPUSHUITests/Info.plist;
				LD_RUNPATH_SEARCH_PATHS = "$(inherited) @executable_path/Frameworks @loader_path/Frameworks";
				PRODUCT_BUNDLE_IDENTIFIER = "ios-learn.JPUSHUITests";
				PRODUCT_NAME = "$(TARGET_NAME)";
				TEST_TARGET_NAME = JPUSH;
			};
			name = Release;
		};
/* End XCBuildConfiguration section */

/* Begin XCConfigurationList section */
		414BAFC71E7E948C00B981F2 /* Build configuration list for PBXProject "JPUSH" */ = {
			isa = XCConfigurationList;
			buildConfigurations = (
				414BAFF71E7E948C00B981F2 /* Debug */,
				414BAFF81E7E948C00B981F2 /* Release */,
			);
			defaultConfigurationIsVisible = 0;
			defaultConfigurationName = Release;
		};
		414BAFF91E7E948C00B981F2 /* Build configuration list for PBXNativeTarget "JPUSH" */ = {
			isa = XCConfigurationList;
			buildConfigurations = (
				414BAFFA1E7E948C00B981F2 /* Debug */,
				414BAFFB1E7E948C00B981F2 /* Release */,
			);
			defaultConfigurationIsVisible = 0;
			defaultConfigurationName = Release;
		};
		414BAFFC1E7E948C00B981F2 /* Build configuration list for PBXNativeTarget "JPUSHTests" */ = {
			isa = XCConfigurationList;
			buildConfigurations = (
				414BAFFD1E7E948C00B981F2 /* Debug */,
				414BAFFE1E7E948C00B981F2 /* Release */,
			);
			defaultConfigurationIsVisible = 0;
			defaultConfigurationName = Release;
		};
		414BAFFF1E7E948C00B981F2 /* Build configuration list for PBXNativeTarget "JPUSHUITests" */ = {
			isa = XCConfigurationList;
			buildConfigurations = (
				414BB0001E7E948C00B981F2 /* Debug */,
				414BB0011E7E948C00B981F2 /* Release */,
			);
			defaultConfigurationIsVisible = 0;
			defaultConfigurationName = Release;
		};
/* End XCConfigurationList section */
	};
	rootObject = 414BAFC41E7E948C00B981F2 /* Project object */;
}
